
Microsoft Visual Studio Solution File, Format Version 12.00
# Visual Studio 15
VisualStudioVersion = 15.0.27428.2043
MinimumVisualStudioVersion = 10.0.40219.1
Project("{8BC9CEB8-8B4A-11D0-8D11-00A0C91BC942}") = "font-atlas-generator", "font-atlas-generator\font-atlas-generator.vcxproj", "{196BB326-F189-4181-8039-60DF30CD6A75}"
EndProject
Project("{8BC9CEB8-8B4A-11D0-8D11-00A0C91BC942}") = "freetype", "freetype-2.9.1\builds\windows\vc2010\freetype.vcxproj", "{78B079BD-9FC7-4B9E-B4A6-96DA0F00248B}"
EndProject
Global
	GlobalSection(SolutionConfigurationPlatforms) = preSolution
		Debug Static|x64 = Debug Static|x64
		Debug Static|x86 = Debug Static|x86
		Debug|x64 = Debug|x64
		Debug|x86 = Debug|x86
		Release Static|x64 = Release Static|x64
		Release Static|x86 = Release Static|x86
		Release|x64 = Release|x64
		Release|x86 = Release|x86
	EndGlobalSection
	GlobalSection(ProjectConfigurationPlatforms) = postSolution
		{196BB326-F189-4181-8039-60DF30CD6A75}.Debug Static|x64.ActiveCfg = Debug|x64
		{196BB326-F189-4181-8039-60DF30CD6A75}.Debug Static|x64.Build.0 = Debug|x64
		{196BB326-F189-4181-8039-60DF30CD6A75}.Debug Static|x86.ActiveCfg = Debug|Win32
		{196BB326-F189-4181-8039-60DF30CD6A75}.Debug Static|x86.Build.0 = Debug|Win32
		{196BB326-F189-4181-8039-60DF30CD6A75}.Debug|x64.ActiveCfg = Debug|x64
		{196BB326-F189-4181-8039-60DF30CD6A75}.Debug|x64.Build.0 = Debug|x64
		{196BB326-F189-4181-8039-60DF30CD6A75}.Debug|x86.ActiveCfg = Debug|Win32
		{196BB326-F189-4181-8039-60DF30CD6A75}.Debug|x86.Build.0 = Debug|Win32
		{196BB326-F189-4181-8039-60DF30CD6A75}.Release Static|x64.ActiveCfg = Release|x64
		{196BB326-F189-4181-8039-60DF30CD6A75}.Release Static|x64.Build.0 = Release|x64
		{196BB326-F189-4181-8039-60DF30CD6A75}.Release Static|x86.ActiveCfg = Release|Win32
		{196BB326-F189-4181-8039-60DF30CD6A75}.Release Static|x86.Build.0 = Release|Win32
		{196BB326-F189-4181-8039-60DF30CD6A75}.Release|x64.ActiveCfg = Release|x64
		{196BB326-F189-4181-8039-60DF30CD6A75}.Release|x64.Build.0 = Release|x64
		{196BB326-F189-4181-8039-60DF30CD6A75}.Release|x86.ActiveCfg = Release|Win32
		{196BB326-F189-4181-8039-60DF30CD6A75}.Release|x86.Build.0 = Release|Win32
		{78B079BD-9FC7-4B9E-B4A6-96DA0F00248B}.Debug Static|x64.ActiveCfg = Debug Static|x64
		{78B079BD-9FC7-4B9E-B4A6-96DA0F00248B}.Debug Static|x64.Build.0 = Debug Static|x64
		{78B079BD-9FC7-4B9E-B4A6-96DA0F00248B}.Debug Static|x86.ActiveCfg = Debug Static|Win32
		{78B079BD-9FC7-4B9E-B4A6-96DA0F00248B}.Debug Static|x86.Build.0 = Debug Static|Win32
		{78B079BD-9FC7-4B9E-B4A6-96DA0F00248B}.Debug|x64.ActiveCfg = Debug|x64
		{78B079BD-9FC7-4B9E-B4A6-96DA0F00248B}.Debug|x64.Build.0 = Debug|x64
		{78B079BD-9FC7-4B9E-B4A6-96DA0F00248B}.Debug|x86.ActiveCfg = Debug|Win32
		{78B079BD-9FC7-4B9E-B4A6-96DA0F00248B}.Debug|x86.Build.0 = Debug|Win32
		{78B079BD-9FC7-4B9E-B4A6-96DA0F00248B}.Release Static|x64.ActiveCfg = Release Static|x64
		{78B079BD-9FC7-4B9E-B4A6-96DA0F00248B}.Release Static|x64.Build.0 = Release Static|x64
		{78B079BD-9FC7-4B9E-B4A6-96DA0F00248B}.Release Static|x86.ActiveCfg = Release Static|Win32
		{78B079BD-9FC7-4B9E-B4A6-96DA0F00248B}.Release Static|x86.Build.0 = Release Static|Win32
		{78B079BD-9FC7-4B9E-B4A6-96DA0F00248B}.Release|x64.ActiveCfg = Release|x64
		{78B079BD-9FC7-4B9E-B4A6-96DA0F00248B}.Release|x64.Build.0 = Release|x64
		{78B079BD-9FC7-4B9E-B4A6-96DA0F00248B}.Release|x86.ActiveCfg = Release|Win32
		{78B079BD-9FC7-4B9E-B4A6-96DA0F00248B}.Release|x86.Build.0 = Release|Win32
	EndGlobalSection
	GlobalSection(SolutionProperties) = preSolution
		HideSolutionNode = FALSE
	EndGlobalSection
	GlobalSection(ExtensibilityGlobals) = postSolution
		SolutionGuid = {70D56E7E-A059-4EDD-B931-78BD0B6D18AC}
	EndGlobalSection
EndGlobal
